
Microsoft Visual Studio Solution File, Format Version 12.00
# Visual Studio Version 17
VisualStudioVersion = 17.14.37614.0 d17.14
MinimumVisualStudioVersion = 10.0.40219.1
Project("{FAE04EC0-301F-11D3-BF4B-00C04F79EFBC}") = "BrickOut", "BrickOut.csproj", "{A1D381FE-794C-4DD9-BF6C-CA9001E72438}"
EndProject
Global
	GlobalSection(SolutionConfigurationPlatforms) = preSolution
		Debug|Any CPU = Debug|Any CPU
		Release|Any CPU = Release|Any CPU
	EndGlobalSection
	GlobalSection(ProjectConfigurationPlatforms) = postSolution
		{A1D381FE-794C-4DD9-BF6C-CA9001E72438}.Debug|Any CPU.ActiveCfg = Debug|Any CPU
		{A1D381FE-794C-4DD9-BF6C-CA9001E72438}.Debug|Any CPU.Build.0 = Debug|Any CPU
		{A1D381FE-794C-4DD9-BF6C-CA9001E72438}.Release|Any CPU.ActiveCfg = Release|Any CPU
		{A1D381FE-794C-4DD9-BF6C-CA9001E72438}.Release|Any CPU.Build.0 = Release|Any CPU
	EndGlobalSection
	GlobalSection(SolutionProperties) = preSolution
		HideSolutionNode = FALSE
	EndGlobalSection
	GlobalSection(ExtensibilityGlobals) = postSolution
		SolutionGuid = {F764B63D-F408-467F-A8AA-3CB9FC20EA7B}
	EndGlobalSection
EndGlobal
